{
  "version": 4,
  "terraform_version": "1.7.4",
  "serial": 975,
  "lineage": "70c29a7d-144b-9d3d-b2f3-fcb2cb138ff0",
  "outputs": {
    "elb-eip-output": {
      "value": [
        {
          "ip_address": "119.12.166.166",
          "ip_version": 4,
          "port_id": "",
          "type": "5_bgp"
        }
      ],
      "type": [
        "list",
        [
          "object",
          {
            "ip_address": "string",
            "ip_version": "number",
            "port_id": "string",
            "type": "string"
          }
        ]
      ]
    }
  },
  "resources": [
    {
      "mode": "data",
      "type": "huaweicloud_availability_zones",
      "name": "zones",
      "provider": "provider[\"registry.terraform.io/huaweicloud/huaweicloud\"]",
      "instances": [
        {
          "schema_version": 0,
          "attributes": {
            "id": "1131794490",
            "names": [
              "ap-southeast-1a",
              "ap-southeast-1b",
              "ap-southeast-1c",
              "ap-southeast-1g"
            ],
            "region": "ap-southeast-1",
            "state": "available"
          },
          "sensitive_attributes": []
        }
      ]
    },
    {
      "mode": "data",
      "type": "huaweicloud_images_image",
      "name": "ubuntu",
      "provider": "provider[\"registry.terraform.io/huaweicloud/huaweicloud\"]",
      "instances": [
        {
          "schema_version": 0,
          "attributes": {
            "active_at": "2022-12-13T08:51:12Z",
            "architecture": "x86",
            "backup_id": "",
            "checksum": null,
            "container_format": "bare",
            "created_at": "2022-12-13T08:51:00Z",
            "data_origin": "",
            "description": "Register zvhd2 private image by OpsImageMgmt",
            "disk_format": "zvhd2",
            "enterprise_project_id": "",
            "file": "/v2/images/19d9079e-47cb-4d0d-b812-642116ad6557/file",
            "flavor_id": null,
            "id": "19d9079e-47cb-4d0d-b812-642116ad6557",
            "image_id": "19d9079e-47cb-4d0d-b812-642116ad6557",
            "image_type": "FusionCompute",
            "is_whole_image": null,
            "max_ram_mb": 4194304,
            "metadata": null,
            "min_disk_gb": 10,
            "min_ram_mb": 0,
            "most_recent": true,
            "name": "Ubuntu 22.04 server 64bit",
            "name_regex": null,
            "os": "Ubuntu",
            "os_version": "Ubuntu 22.04 server 64bit",
            "owner": "0a0b11cbb78010082f66c01aff9b8710",
            "protected": true,
            "region": "ap-southeast-1",
            "schema": "/v2/schemas/image",
            "size_bytes": 2898509824,
            "size_max": null,
            "size_min": null,
            "sort_direction": "asc",
            "sort_key": "name",
            "status": "active",
            "tag": null,
            "updated_at": "2024-11-25T09:13:55Z",
            "visibility": "public"
          },
          "sensitive_attributes": []
        }
      ]
    },
    {
      "module": "module.ecs",
      "mode": "managed",
      "type": "huaweicloud_compute_instance",
      "name": "private-ecs",
      "provider": "provider[\"registry.terraform.io/huaweicloud/huaweicloud\"]",
      "instances": [
        {
          "schema_version": 0,
          "attributes": {
            "access_ip_v4": "10.0.4.167",
            "access_ip_v6": "",
            "admin_pass": "Deem@123",
            "agency_name": "",
            "agent_list": "",
            "auto_pay": null,
            "auto_renew": null,
            "auto_terminate_time": "",
            "availability_zone": "ap-southeast-1b",
            "bandwidth": [],
            "charging_mode": "postPaid",
            "created_at": "2024-12-21T12:10:21Z",
            "data_disks": [],
            "delete_disks_on_termination": true,
            "delete_eip_on_termination": true,
            "description": "",
            "eip_id": null,
            "eip_type": null,
            "enterprise_project_id": "0",
            "expired_time": null,
            "flavor_id": "c6.large.2",
            "flavor_name": "c6.large.2",
            "hostname": "huawei-private-ecs-dev",
            "id": "7d3b7412-bbdb-49ff-bba8-382cdfe25ec8",
            "image_id": "19d9079e-47cb-4d0d-b812-642116ad6557",
            "image_name": "Ubuntu 22.04 server 64bit",
            "key_pair": null,
            "metadata": null,
            "name": "huawei-private-ecs-dev",
            "network": [
              {
                "access_network": false,
                "fixed_ip_v4": "10.0.4.167",
                "fixed_ip_v6": "",
                "ipv6_enable": false,
                "mac": "fa:16:3e:2e:32:d5",
                "port": "9c0ae095-04b0-4b16-9404-705c54ba9d39",
                "source_dest_check": true,
                "uuid": "cd4c1b1f-1578-4040-a5d5-4bd96b22c190"
              }
            ],
            "period": null,
            "period_unit": null,
            "power_action": null,
            "private_key": null,
            "public_ip": null,
            "region": "ap-southeast-1",
            "scheduler_hints": [],
            "security_group_ids": [
              "a077fc72-a623-4f04-b2b5-24ac4b00193c"
            ],
            "security_groups": [
              "huawei-ecs-sg-dev"
            ],
            "spot_duration": null,
            "spot_duration_count": null,
            "spot_maximum_price": null,
            "status": "ACTIVE",
            "stop_before_destroy": false,
            "system_disk_dss_pool_id": null,
            "system_disk_id": "d2c46b2e-5833-4e3a-b800-96a6379a7842",
            "system_disk_iops": 0,
            "system_disk_kms_key_id": "",
            "system_disk_size": 10,
            "system_disk_throughput": 0,
            "system_disk_type": "GPSSD",
            "tags": {
              "Customer": "huawei",
              "Environment": "dev",
              "Name": "huawei-private-ecs-dev",
              "Terraform": "True"
            },
            "timeouts": null,
            "updated_at": "2024-12-21T12:11:17Z",
            "user_data": "baec4d79239419da565e842f4537d89911dd9a5d",
            "user_id": null,
            "volume_attached": [
              {
                "boot_index": 0,
                "kms_key_id": "",
                "pci_address": "0000:02:01.0",
                "size": 10,
                "type": "GPSSD",
                "volume_id": "d2c46b2e-5833-4e3a-b800-96a6379a7842"
              }
            ]
          },
          "sensitive_attributes": [],
          "private": "eyJlMmJmYjczMC1lY2FhLTExZTYtOGY4OC0zNDM2M2JjN2M0YzAiOnsiY3JlYXRlIjoxODAwMDAwMDAwMDAwLCJkZWxldGUiOjE4MDAwMDAwMDAwMDAsInVwZGF0ZSI6MTgwMDAwMDAwMDAwMH19",
          "dependencies": [
            "data.huaweicloud_availability_zones.zones",
            "data.huaweicloud_images_image.ubuntu",
            "module.ecs.huaweicloud_networking_secgroup.ecs-sg",
            "module.vpc.huaweicloud_vpc.vpc",
            "module.vpc.huaweicloud_vpc_subnet.private-subnet"
          ]
        }
      ]
    },
    {
      "module": "module.ecs",
      "mode": "managed",
      "type": "huaweicloud_elb_listener",
      "name": "elb-listener",
      "provider": "provider[\"registry.terraform.io/huaweicloud/huaweicloud\"]",
      "instances": [
        {
          "schema_version": 0,
          "attributes": {
            "access_policy": "",
            "advanced_forwarding_enabled": false,
            "ca_certificate": "",
            "created_at": "2024-12-21T12:10:33Z",
            "default_pool_id": "ed150a54-2ad9-4e5a-8b7d-b152f715f01e",
            "description": "",
            "enable_member_retry": false,
            "force_delete": null,
            "forward_eip": false,
            "forward_elb": false,
            "forward_host": true,
            "forward_port": false,
            "forward_proto": false,
            "forward_request_port": false,
            "forward_tls_certificate": false,
            "forward_tls_cipher": false,
            "forward_tls_protocol": false,
            "gzip_enable": false,
            "http2_enable": false,
            "id": "0e21ef5a-7a63-4a98-840a-150bc4edf3fc",
            "idle_timeout": 10,
            "ip_group": "",
            "loadbalancer_id": "c578d989-d19d-4185-a90c-5873d3860c65",
            "name": "huawei-elb-listener-dev",
            "port_ranges": [],
            "protection_reason": "",
            "protection_status": "nonProtection",
            "protocol": "HTTP",
            "protocol_port": 80,
            "proxy_protocol_enable": false,
            "quic_listener_id": "",
            "real_ip": false,
            "region": "ap-southeast-1",
            "request_timeout": 10,
            "response_timeout": 10,
            "security_policy_id": "",
            "server_certificate": "",
            "sni_certificate": [],
            "sni_match_algo": "",
            "ssl_early_data_enable": false,
            "tags": {
              "Customer": "huawei",
              "Environment": "dev",
              "Name": "huawei-elb-listener-dev",
              "Terraform": "True"
            },
            "timeouts": null,
            "tls_ciphers_policy": "",
            "updated_at": "2024-12-21T12:10:33Z"
          },
          "sensitive_attributes": [],
          "private": "eyJlMmJmYjczMC1lY2FhLTExZTYtOGY4OC0zNDM2M2JjN2M0YzAiOnsiY3JlYXRlIjo2MDAwMDAwMDAwMDAsImRlbGV0ZSI6NjAwMDAwMDAwMDAwLCJ1cGRhdGUiOjYwMDAwMDAwMDAwMH19",
          "dependencies": [
            "data.huaweicloud_availability_zones.zones",
            "module.ecs.huaweicloud_elb_loadbalancer.elb-loadbalancer",
            "module.ecs.huaweicloud_vpc_eip.elb-eip",
            "module.vpc.huaweicloud_vpc.vpc",
            "module.vpc.huaweicloud_vpc_subnet.private-subnet",
            "module.vpc.huaweicloud_vpc_subnet.public-subnet"
          ]
        }
      ]
    },
    {
      "module": "module.ecs",
      "mode": "managed",
      "type": "huaweicloud_elb_loadbalancer",
      "name": "elb-loadbalancer",
      "provider": "provider[\"registry.terraform.io/huaweicloud/huaweicloud\"]",
      "instances": [
        {
          "schema_version": 0,
          "attributes": {
            "auto_pay": null,
            "auto_renew": null,
            "autoscaling_enabled": false,
            "availability_zone": [
              "ap-southeast-1a",
              "ap-southeast-1b",
              "ap-southeast-1c",
              "ap-southeast-1g"
            ],
            "backend_subnets": [
              "cd4c1b1f-1578-4040-a5d5-4bd96b22c190"
            ],
            "bandwidth_charge_mode": null,
            "bandwidth_id": null,
            "bandwidth_size": null,
            "charge_mode": "flavor",
            "charging_mode": "postPaid",
            "created_at": "2024-12-21T12:10:18Z",
            "cross_vpc_backend": true,
            "deletion_protection_enable": null,
            "description": "",
            "enterprise_project_id": "0",
            "force_delete": null,
            "guaranteed": true,
            "gw_flavor_id": "",
            "id": "c578d989-d19d-4185-a90c-5873d3860c65",
            "iptype": null,
            "ipv4_address": "10.0.1.229",
            "ipv4_eip": "119.12.166.166",
            "ipv4_eip_id": "2b80ebd2-8b3f-4610-a909-cf7d29a159f7",
            "ipv4_port_id": "eef97563-dad7-4b6e-aff4-75a431bc6bc7",
            "ipv4_subnet_id": "d49e38d6-1d26-4ed4-8fda-fea23e3935bf",
            "ipv6_address": "",
            "ipv6_bandwidth_id": null,
            "ipv6_eip": null,
            "ipv6_eip_id": null,
            "ipv6_network_id": "",
            "l4_flavor_id": "21ea945b-7a28-4b0b-bc5e-28480261ac91",
            "l7_flavor_id": "c3163ea5-4435-42bd-8f1d-b84d905f5b1e",
            "loadbalancer_type": "",
            "min_l7_flavor_id": "",
            "name": "huawei-elb-dev",
            "period": null,
            "period_unit": null,
            "protection_reason": "",
            "protection_status": "nonProtection",
            "region": "ap-southeast-1",
            "sharetype": null,
            "tags": {},
            "timeouts": null,
            "updated_at": "2024-12-21T12:10:22Z",
            "vpc_id": "efc7cf26-d50b-474b-a894-a63a8974e12e",
            "waf_failure_action": "forward"
          },
          "sensitive_attributes": [],
          "private": "eyJlMmJmYjczMC1lY2FhLTExZTYtOGY4OC0zNDM2M2JjN2M0YzAiOnsiY3JlYXRlIjo2MDAwMDAwMDAwMDAsImRlbGV0ZSI6MzAwMDAwMDAwMDAwLCJ1cGRhdGUiOjYwMDAwMDAwMDAwMH19",
          "dependencies": [
            "data.huaweicloud_availability_zones.zones",
            "module.ecs.huaweicloud_vpc_eip.elb-eip",
            "module.vpc.huaweicloud_vpc.vpc",
            "module.vpc.huaweicloud_vpc_subnet.private-subnet",
            "module.vpc.huaweicloud_vpc_subnet.public-subnet"
          ]
        }
      ]
    },
    {
      "module": "module.ecs",
      "mode": "managed",
      "type": "huaweicloud_elb_member",
      "name": "backend_ip1",
      "provider": "provider[\"registry.terraform.io/huaweicloud/huaweicloud\"]",
      "instances": [
        {
          "schema_version": 0,
          "attributes": {
            "address": "10.0.4.167",
            "id": "8d9883bf-6948-41fd-bd77-a2800113726d",
            "name": "",
            "pool_id": "ed150a54-2ad9-4e5a-8b7d-b152f715f01e",
            "protocol_port": 80,
            "region": "ap-southeast-1",
            "subnet_id": "",
            "timeouts": null,
            "weight": 10
          },
          "sensitive_attributes": [],
          "private": "eyJlMmJmYjczMC1lY2FhLTExZTYtOGY4OC0zNDM2M2JjN2M0YzAiOnsiY3JlYXRlIjo2MDAwMDAwMDAwMDAsImRlbGV0ZSI6NjAwMDAwMDAwMDAwLCJ1cGRhdGUiOjYwMDAwMDAwMDAwMH19",
          "dependencies": [
            "data.huaweicloud_availability_zones.zones",
            "data.huaweicloud_images_image.ubuntu",
            "module.ecs.huaweicloud_compute_instance.private-ecs",
            "module.ecs.huaweicloud_elb_listener.elb-listener",
            "module.ecs.huaweicloud_elb_loadbalancer.elb-loadbalancer",
            "module.ecs.huaweicloud_elb_pool.elb-pool",
            "module.ecs.huaweicloud_networking_secgroup.ecs-sg",
            "module.ecs.huaweicloud_vpc_eip.elb-eip",
            "module.vpc.huaweicloud_vpc.vpc",
            "module.vpc.huaweicloud_vpc_subnet.private-subnet",
            "module.vpc.huaweicloud_vpc_subnet.public-subnet"
          ]
        }
      ]
    },
    {
      "module": "module.ecs",
      "mode": "managed",
      "type": "huaweicloud_elb_monitor",
      "name": "monitor_1",
      "provider": "provider[\"registry.terraform.io/huaweicloud/huaweicloud\"]",
      "instances": [
        {
          "schema_version": 0,
          "attributes": {
            "created_at": "2024-12-21T12:19:51Z",
            "domain_name": "",
            "enabled": true,
            "http_method": "GET",
            "id": "8c7b2c13-22fb-4349-860c-e93e0370a2c9",
            "interval": 5,
            "max_retries": 3,
            "max_retries_down": 3,
            "name": "",
            "pool_id": "ed150a54-2ad9-4e5a-8b7d-b152f715f01e",
            "port": 80,
            "protocol": "HTTP",
            "region": "ap-southeast-1",
            "status_code": "200",
            "timeout": 5,
            "updated_at": "2024-12-21T12:19:51Z",
            "url_path": "/"
          },
          "sensitive_attributes": [],
          "private": "bnVsbA==",
          "dependencies": [
            "data.huaweicloud_availability_zones.zones",
            "module.ecs.huaweicloud_elb_listener.elb-listener",
            "module.ecs.huaweicloud_elb_loadbalancer.elb-loadbalancer",
            "module.ecs.huaweicloud_elb_pool.elb-pool",
            "module.ecs.huaweicloud_vpc_eip.elb-eip",
            "module.vpc.huaweicloud_vpc.vpc",
            "module.vpc.huaweicloud_vpc_subnet.private-subnet",
            "module.vpc.huaweicloud_vpc_subnet.public-subnet"
          ]
        }
      ]
    },
    {
      "module": "module.ecs",
      "mode": "managed",
      "type": "huaweicloud_elb_pool",
      "name": "elb-pool",
      "provider": "provider[\"registry.terraform.io/huaweicloud/huaweicloud\"]",
      "instances": [
        {
          "schema_version": 0,
          "attributes": {
            "any_port_enable": false,
            "connection_drain_enabled": false,
            "connection_drain_timeout": 0,
            "created_at": "2024-12-21T12:19:45Z",
            "deletion_protection_enable": false,
            "description": "",
            "id": "ed150a54-2ad9-4e5a-8b7d-b152f715f01e",
            "ip_version": "v4",
            "lb_method": "ROUND_ROBIN",
            "listener_id": "0e21ef5a-7a63-4a98-840a-150bc4edf3fc",
            "loadbalancer_id": "c578d989-d19d-4185-a90c-5873d3860c65",
            "minimum_healthy_member_count": 0,
            "monitor_id": "8c7b2c13-22fb-4349-860c-e93e0370a2c9",
            "name": "huawei-elb-pool-dev",
            "persistence": [],
            "protection_reason": "",
            "protection_status": "nonProtection",
            "protocol": "HTTP",
            "region": "ap-southeast-1",
            "slow_start_duration": 30,
            "slow_start_enabled": false,
            "timeouts": null,
            "type": "ip",
            "updated_at": "2024-12-21T12:19:51Z",
            "vpc_id": ""
          },
          "sensitive_attributes": [],
          "private": "eyJlMmJmYjczMC1lY2FhLTExZTYtOGY4OC0zNDM2M2JjN2M0YzAiOnsiY3JlYXRlIjo2MDAwMDAwMDAwMDAsImRlbGV0ZSI6NjAwMDAwMDAwMDAwLCJ1cGRhdGUiOjYwMDAwMDAwMDAwMH19",
          "dependencies": [
            "data.huaweicloud_availability_zones.zones",
            "module.ecs.huaweicloud_elb_listener.elb-listener",
            "module.ecs.huaweicloud_elb_loadbalancer.elb-loadbalancer",
            "module.ecs.huaweicloud_vpc_eip.elb-eip",
            "module.vpc.huaweicloud_vpc.vpc",
            "module.vpc.huaweicloud_vpc_subnet.private-subnet",
            "module.vpc.huaweicloud_vpc_subnet.public-subnet"
          ]
        }
      ]
    },
    {
      "module": "module.ecs",
      "mode": "managed",
      "type": "huaweicloud_networking_secgroup",
      "name": "ecs-sg",
      "provider": "provider[\"registry.terraform.io/huaweicloud/huaweicloud\"]",
      "instances": [
        {
          "schema_version": 0,
          "attributes": {
            "created_at": "2024-12-21T12:09:55Z",
            "delete_default_rules": null,
            "description": "",
            "enterprise_project_id": "0",
            "id": "a077fc72-a623-4f04-b2b5-24ac4b00193c",
            "name": "huawei-ecs-sg-dev",
            "region": "ap-southeast-1",
            "rules": [
              {
                "action": "allow",
                "description": "",
                "direction": "ingress",
                "ethertype": "IPv4",
                "id": "f82d9394-a458-4db8-83af-c47f45b763c7",
                "port_range_max": 0,
                "port_range_min": 0,
                "ports": "80,22",
                "priority": 1,
                "protocol": "tcp",
                "remote_address_group_id": "",
                "remote_group_id": "",
                "remote_ip_prefix": "0.0.0.0/0"
              },
              {
                "action": "allow",
                "description": "",
                "direction": "egress",
                "ethertype": "IPv6",
                "id": "1a2e0e35-8cd1-4f02-8ae5-62899e86ea1c",
                "port_range_max": 0,
                "port_range_min": 0,
                "ports": "",
                "priority": 100,
                "protocol": "",
                "remote_address_group_id": "",
                "remote_group_id": "",
                "remote_ip_prefix": ""
              },
              {
                "action": "allow",
                "description": "",
                "direction": "ingress",
                "ethertype": "IPv6",
                "id": "4d0eeee6-4c6a-4a25-ab9a-5b9711cf9d2c",
                "port_range_max": 0,
                "port_range_min": 0,
                "ports": "",
                "priority": 100,
                "protocol": "",
                "remote_address_group_id": "",
                "remote_group_id": "a077fc72-a623-4f04-b2b5-24ac4b00193c",
                "remote_ip_prefix": ""
              },
              {
                "action": "allow",
                "description": "",
                "direction": "egress",
                "ethertype": "IPv4",
                "id": "c91b9584-6f7d-400b-8756-7c0f45debaa4",
                "port_range_max": 0,
                "port_range_min": 0,
                "ports": "",
                "priority": 100,
                "protocol": "",
                "remote_address_group_id": "",
                "remote_group_id": "",
                "remote_ip_prefix": ""
              },
              {
                "action": "allow",
                "description": "",
                "direction": "ingress",
                "ethertype": "IPv4",
                "id": "cbacbc44-169c-4524-b645-e913b7593c7c",
                "port_range_max": 0,
                "port_range_min": 0,
                "ports": "",
                "priority": 100,
                "protocol": "",
                "remote_address_group_id": "",
                "remote_group_id": "a077fc72-a623-4f04-b2b5-24ac4b00193c",
                "remote_ip_prefix": ""
              }
            ],
            "tags": {},
            "timeouts": null,
            "updated_at": "2024-12-21T12:09:55Z"
          },
          "sensitive_attributes": [],
          "private": "eyJlMmJmYjczMC1lY2FhLTExZTYtOGY4OC0zNDM2M2JjN2M0YzAiOnsiZGVsZXRlIjo2MDAwMDAwMDAwMDB9fQ=="
        }
      ]
    },
    {
      "module": "module.ecs",
      "mode": "managed",
      "type": "huaweicloud_networking_secgroup_rule",
      "name": "ecs-sg-rule",
      "provider": "provider[\"registry.terraform.io/huaweicloud/huaweicloud\"]",
      "instances": [
        {
          "schema_version": 0,
          "attributes": {
            "action": "allow",
            "description": "",
            "direction": "ingress",
            "ethertype": "IPv4",
            "id": "f82d9394-a458-4db8-83af-c47f45b763c7",
            "port_range_max": 0,
            "port_range_min": 0,
            "ports": "80,22",
            "priority": 1,
            "protocol": "tcp",
            "region": "ap-southeast-1",
            "remote_address_group_id": "",
            "remote_group_id": "",
            "remote_ip_prefix": "0.0.0.0/0",
            "security_group_id": "a077fc72-a623-4f04-b2b5-24ac4b00193c",
            "timeouts": null
          },
          "sensitive_attributes": [],
          "private": "eyJlMmJmYjczMC1lY2FhLTExZTYtOGY4OC0zNDM2M2JjN2M0YzAiOnsiZGVsZXRlIjo2MDAwMDAwMDAwMDB9fQ==",
          "dependencies": [
            "module.ecs.huaweicloud_networking_secgroup.ecs-sg"
          ]
        }
      ]
    },
    {
      "module": "module.ecs",
      "mode": "managed",
      "type": "huaweicloud_vpc_eip",
      "name": "elb-eip",
      "provider": "provider[\"registry.terraform.io/huaweicloud/huaweicloud\"]",
      "instances": [
        {
          "schema_version": 0,
          "attributes": {
            "address": "119.12.166.166",
            "associate_id": "c578d989-d19d-4185-a90c-5873d3860c65",
            "associate_type": "ELB",
            "auto_pay": null,
            "auto_renew": null,
            "bandwidth": [
              {
                "charge_mode": "traffic",
                "id": "a4b6e268-76e3-4df0-a730-ea04b13766ad",
                "name": "test",
                "share_type": "PER",
                "size": 5
              }
            ],
            "charging_mode": "postPaid",
            "created_at": "2024-12-21 12:09:56",
            "enterprise_project_id": "0",
            "id": "2b80ebd2-8b3f-4610-a909-cf7d29a159f7",
            "instance_id": "",
            "instance_type": "",
            "ipv6_address": "",
            "name": "",
            "period": null,
            "period_unit": null,
            "port_id": "",
            "private_ip": "",
            "publicip": [
              {
                "ip_address": "119.12.166.166",
                "ip_version": 4,
                "port_id": "",
                "type": "5_bgp"
              }
            ],
            "region": "ap-southeast-1",
            "status": "ELB",
            "tags": {},
            "timeouts": null,
            "updated_at": "2024-12-21T12:10:22Z"
          },
          "sensitive_attributes": [],
          "private": "eyJlMmJmYjczMC1lY2FhLTExZTYtOGY4OC0zNDM2M2JjN2M0YzAiOnsiY3JlYXRlIjo2MDAwMDAwMDAwMDAsImRlbGV0ZSI6MzAwMDAwMDAwMDAwLCJ1cGRhdGUiOjMwMDAwMDAwMDAwMH19"
        }
      ]
    },
    {
      "module": "module.vpc",
      "mode": "managed",
      "type": "huaweicloud_nat_gateway",
      "name": "nat-gateway",
      "provider": "provider[\"registry.terraform.io/huaweicloud/huaweicloud\"]",
      "instances": [
        {
          "schema_version": 0,
          "attributes": {
            "auto_renew": null,
            "charging_mode": "postPaid",
            "description": "",
            "enterprise_project_id": "0",
            "id": "57e40ad9-4c24-43b7-a79a-917f9de1bf58",
            "name": "huawei-nat-gw-dev",
            "ngport_ip_address": "10.0.1.161",
            "period": null,
            "period_unit": null,
            "region": "ap-southeast-1",
            "spec": "1",
            "status": "ACTIVE",
            "subnet_id": "186f8441-9568-4ca7-a566-674b15aa017c",
            "tags": {
              "Customer": "huawei",
              "Environment": "dev",
              "Name": "huawei-nat-gateway-dev",
              "Terraform": "True"
            },
            "timeouts": null,
            "vpc_id": "efc7cf26-d50b-474b-a894-a63a8974e12e"
          },
          "sensitive_attributes": [],
          "private": "eyJlMmJmYjczMC1lY2FhLTExZTYtOGY4OC0zNDM2M2JjN2M0YzAiOnsiY3JlYXRlIjozMDAwMDAwMDAwMDAsImRlbGV0ZSI6MzAwMDAwMDAwMDAwLCJ1cGRhdGUiOjMwMDAwMDAwMDAwMH19",
          "dependencies": [
            "data.huaweicloud_availability_zones.zones",
            "module.vpc.huaweicloud_vpc.vpc",
            "module.vpc.huaweicloud_vpc_subnet.public-subnet"
          ]
        }
      ]
    },
    {
      "module": "module.vpc",
      "mode": "managed",
      "type": "huaweicloud_nat_snat_rule",
      "name": "nat-gw-snat-rule",
      "provider": "provider[\"registry.terraform.io/huaweicloud/huaweicloud\"]",
      "instances": [
        {
          "schema_version": 0,
          "attributes": {
            "cidr": "",
            "description": "",
            "floating_ip_address": "190.92.240.239",
            "floating_ip_id": "59e9e4f4-02ea-43b2-b181-7d33fe634ec3",
            "global_eip_address": "",
            "global_eip_id": "",
            "id": "73dd9986-bb4f-4d22-b484-c2e411e5e1ea",
            "nat_gateway_id": "57e40ad9-4c24-43b7-a79a-917f9de1bf58",
            "network_id": null,
            "region": "ap-southeast-1",
            "source_type": 0,
            "status": "ACTIVE",
            "subnet_id": "cd4c1b1f-1578-4040-a5d5-4bd96b22c190",
            "timeouts": null
          },
          "sensitive_attributes": [],
          "private": "eyJlMmJmYjczMC1lY2FhLTExZTYtOGY4OC0zNDM2M2JjN2M0YzAiOnsiY3JlYXRlIjozMDAwMDAwMDAwMDAsImRlbGV0ZSI6MzAwMDAwMDAwMDAwLCJ1cGRhdGUiOjMwMDAwMDAwMDAwMH19",
          "dependencies": [
            "data.huaweicloud_availability_zones.zones",
            "module.vpc.huaweicloud_nat_gateway.nat-gateway",
            "module.vpc.huaweicloud_vpc.vpc",
            "module.vpc.huaweicloud_vpc_eip.nat-gw-snat-eip",
            "module.vpc.huaweicloud_vpc_subnet.private-subnet",
            "module.vpc.huaweicloud_vpc_subnet.public-subnet"
          ]
        }
      ]
    },
    {
      "module": "module.vpc",
      "mode": "managed",
      "type": "huaweicloud_vpc",
      "name": "vpc",
      "provider": "provider[\"registry.terraform.io/huaweicloud/huaweicloud\"]",
      "instances": [
        {
          "schema_version": 0,
          "attributes": {
            "cidr": "10.0.0.0/16",
            "description": "",
            "enterprise_project_id": "0",
            "id": "efc7cf26-d50b-474b-a894-a63a8974e12e",
            "name": "huawei-vpc-dev",
            "region": "ap-southeast-1",
            "routes": [
              {
                "destination": "0.0.0.0/0",
                "nexthop": "10.0.1.161"
              }
            ],
            "secondary_cidr": null,
            "secondary_cidrs": [],
            "status": "OK",
            "tags": {},
            "timeouts": null
          },
          "sensitive_attributes": [],
          "private": "eyJlMmJmYjczMC1lY2FhLTExZTYtOGY4OC0zNDM2M2JjN2M0YzAiOnsiY3JlYXRlIjo2MDAwMDAwMDAwMDAsImRlbGV0ZSI6MTgwMDAwMDAwMDAwfX0="
        }
      ]
    },
    {
      "module": "module.vpc",
      "mode": "managed",
      "type": "huaweicloud_vpc_eip",
      "name": "nat-gw-snat-eip",
      "provider": "provider[\"registry.terraform.io/huaweicloud/huaweicloud\"]",
      "instances": [
        {
          "schema_version": 0,
          "attributes": {
            "address": "190.92.240.239",
            "associate_id": "57e40ad9-4c24-43b7-a79a-917f9de1bf58",
            "associate_type": "NATGW",
            "auto_pay": null,
            "auto_renew": null,
            "bandwidth": [
              {
                "charge_mode": "traffic",
                "id": "4944fd58-1595-4962-a830-e877eb814ada",
                "name": "test",
                "share_type": "PER",
                "size": 5
              }
            ],
            "charging_mode": "postPaid",
            "created_at": "2024-12-21 12:09:55",
            "enterprise_project_id": "0",
            "id": "59e9e4f4-02ea-43b2-b181-7d33fe634ec3",
            "instance_id": "",
            "instance_type": "",
            "ipv6_address": "",
            "name": "",
            "period": null,
            "period_unit": null,
            "port_id": "8efd04d4-d438-42f6-8d2e-dd8f55375721",
            "private_ip": "10.0.1.161",
            "publicip": [
              {
                "ip_address": "190.92.240.239",
                "ip_version": 4,
                "port_id": "8efd04d4-d438-42f6-8d2e-dd8f55375721",
                "type": "5_bgp"
              }
            ],
            "region": "ap-southeast-1",
            "status": "BOUND",
            "tags": {},
            "timeouts": null,
            "updated_at": "2024-12-21T12:10:24Z"
          },
          "sensitive_attributes": [],
          "private": "eyJlMmJmYjczMC1lY2FhLTExZTYtOGY4OC0zNDM2M2JjN2M0YzAiOnsiY3JlYXRlIjo2MDAwMDAwMDAwMDAsImRlbGV0ZSI6MzAwMDAwMDAwMDAwLCJ1cGRhdGUiOjMwMDAwMDAwMDAwMH19"
        }
      ]
    },
    {
      "module": "module.vpc",
      "mode": "managed",
      "type": "huaweicloud_vpc_internet_gateway",
      "name": "internet-gateway",
      "provider": "provider[\"registry.terraform.io/huaweicloud/huaweicloud\"]",
      "instances": [
        {
          "schema_version": 0,
          "attributes": {
            "add_route": false,
            "created_at": "2024-12-21T12:10:17Z",
            "enable_ipv6": false,
            "id": "06765d9b-f499-4740-9f0e-fc3f38abc3fa",
            "name": "huawei-igw-dev",
            "region": "ap-southeast-1",
            "subnet_id": "186f8441-9568-4ca7-a566-674b15aa017c",
            "updated_at": "2024-12-21T12:10:17Z",
            "vpc_id": "efc7cf26-d50b-474b-a894-a63a8974e12e"
          },
          "sensitive_attributes": [],
          "private": "bnVsbA==",
          "dependencies": [
            "data.huaweicloud_availability_zones.zones",
            "module.vpc.huaweicloud_vpc.vpc",
            "module.vpc.huaweicloud_vpc_subnet.private-subnet",
            "module.vpc.huaweicloud_vpc_subnet.public-subnet"
          ]
        }
      ]
    },
    {
      "module": "module.vpc",
      "mode": "managed",
      "type": "huaweicloud_vpc_route_table",
      "name": "private-rt",
      "provider": "provider[\"registry.terraform.io/huaweicloud/huaweicloud\"]",
      "instances": [
        {
          "schema_version": 0,
          "attributes": {
            "description": "",
            "id": "040b7fee-cab5-40a8-8b32-341c02db0ec6",
            "name": "huawei-private-rt-dev",
            "region": "ap-southeast-1",
            "route": [
              {
                "description": "",
                "destination": "0.0.0.0/0",
                "nexthop": "57e40ad9-4c24-43b7-a79a-917f9de1bf58",
                "type": "nat"
              }
            ],
            "subnets": [
              "5540338f-1ddf-423d-b44b-4f2857105822",
              "834b14dc-816d-4a00-b7ac-b210b978e890",
              "cd4c1b1f-1578-4040-a5d5-4bd96b22c190"
            ],
            "timeouts": null,
            "vpc_id": "efc7cf26-d50b-474b-a894-a63a8974e12e"
          },
          "sensitive_attributes": [],
          "private": "eyJlMmJmYjczMC1lY2FhLTExZTYtOGY4OC0zNDM2M2JjN2M0YzAiOnsiY3JlYXRlIjo2MDAwMDAwMDAwMDAsImRlbGV0ZSI6NjAwMDAwMDAwMDAwfX0=",
          "dependencies": [
            "data.huaweicloud_availability_zones.zones",
            "module.vpc.huaweicloud_nat_gateway.nat-gateway",
            "module.vpc.huaweicloud_vpc.vpc",
            "module.vpc.huaweicloud_vpc_subnet.private-subnet",
            "module.vpc.huaweicloud_vpc_subnet.public-subnet"
          ]
        }
      ]
    },
    {
      "module": "module.vpc",
      "mode": "managed",
      "type": "huaweicloud_vpc_route_table",
      "name": "public-rt",
      "provider": "provider[\"registry.terraform.io/huaweicloud/huaweicloud\"]",
      "instances": [
        {
          "schema_version": 0,
          "attributes": {
            "description": "",
            "id": "0d80305d-a65e-4278-b718-4fe872d8bc47",
            "name": "huawei-public-rt-dev",
            "region": "ap-southeast-1",
            "route": [],
            "subnets": [
              "186f8441-9568-4ca7-a566-674b15aa017c",
              "5f6ec86d-0973-409c-a5a4-cf10c2802f84",
              "c947e1ba-dc37-4b88-8d64-a6968875ace6"
            ],
            "timeouts": null,
            "vpc_id": "efc7cf26-d50b-474b-a894-a63a8974e12e"
          },
          "sensitive_attributes": [],
          "private": "eyJlMmJmYjczMC1lY2FhLTExZTYtOGY4OC0zNDM2M2JjN2M0YzAiOnsiY3JlYXRlIjo2MDAwMDAwMDAwMDAsImRlbGV0ZSI6NjAwMDAwMDAwMDAwfX0=",
          "dependencies": [
            "data.huaweicloud_availability_zones.zones",
            "module.vpc.huaweicloud_vpc.vpc",
            "module.vpc.huaweicloud_vpc_subnet.public-subnet"
          ]
        }
      ]
    },
    {
      "module": "module.vpc",
      "mode": "managed",
      "type": "huaweicloud_vpc_subnet",
      "name": "private-subnet",
      "provider": "provider[\"registry.terraform.io/huaweicloud/huaweicloud\"]",
      "instances": [
        {
          "index_key": 0,
          "schema_version": 0,
          "attributes": {
            "availability_zone": "ap-southeast-1a",
            "cidr": "10.0.4.0/24",
            "description": "",
            "dhcp_enable": true,
            "dhcp_lease_time": "87600h",
            "dns_list": [
              "100.125.1.250",
              "100.125.3.250"
            ],
            "gateway_ip": "10.0.4.1",
            "id": "cd4c1b1f-1578-4040-a5d5-4bd96b22c190",
            "ipv4_subnet_id": "4b60f1bf-09c3-4f42-89b9-e216dfc2441e",
            "ipv6_cidr": "",
            "ipv6_enable": false,
            "ipv6_gateway": "",
            "ipv6_subnet_id": "",
            "name": "huawei-private-subnet-dev-0",
            "ntp_server_address": null,
            "primary_dns": "100.125.1.250",
            "region": "ap-southeast-1",
            "secondary_dns": "100.125.3.250",
            "subnet_id": "4b60f1bf-09c3-4f42-89b9-e216dfc2441e",
            "tags": {
              "Customer": "huawei",
              "Environment": "dev",
              "Name": "huawei-private-subnet-dev-0",
              "Terraform": "True"
            },
            "timeouts": null,
            "vpc_id": "efc7cf26-d50b-474b-a894-a63a8974e12e"
          },
          "sensitive_attributes": [],
          "private": "eyJlMmJmYjczMC1lY2FhLTExZTYtOGY4OC0zNDM2M2JjN2M0YzAiOnsiY3JlYXRlIjozMDAwMDAwMDAwMDAsImRlbGV0ZSI6NjAwMDAwMDAwMDAwfX0=",
          "dependencies": [
            "data.huaweicloud_availability_zones.zones",
            "module.vpc.huaweicloud_vpc.vpc"
          ]
        },
        {
          "index_key": 1,
          "schema_version": 0,
          "attributes": {
            "availability_zone": "ap-southeast-1b",
            "cidr": "10.0.5.0/24",
            "description": "",
            "dhcp_enable": true,
            "dhcp_lease_time": "87600h",
            "dns_list": [
              "100.125.1.250",
              "100.125.3.250"
            ],
            "gateway_ip": "10.0.5.1",
            "id": "834b14dc-816d-4a00-b7ac-b210b978e890",
            "ipv4_subnet_id": "38547c2c-2600-4100-a9eb-40e4135fc699",
            "ipv6_cidr": "",
            "ipv6_enable": false,
            "ipv6_gateway": "",
            "ipv6_subnet_id": "",
            "name": "huawei-private-subnet-dev-1",
            "ntp_server_address": null,
            "primary_dns": "100.125.1.250",
            "region": "ap-southeast-1",
            "secondary_dns": "100.125.3.250",
            "subnet_id": "38547c2c-2600-4100-a9eb-40e4135fc699",
            "tags": {
              "Customer": "huawei",
              "Environment": "dev",
              "Name": "huawei-private-subnet-dev-1",
              "Terraform": "True"
            },
            "timeouts": null,
            "vpc_id": "efc7cf26-d50b-474b-a894-a63a8974e12e"
          },
          "sensitive_attributes": [],
          "private": "eyJlMmJmYjczMC1lY2FhLTExZTYtOGY4OC0zNDM2M2JjN2M0YzAiOnsiY3JlYXRlIjozMDAwMDAwMDAwMDAsImRlbGV0ZSI6NjAwMDAwMDAwMDAwfX0=",
          "dependencies": [
            "data.huaweicloud_availability_zones.zones",
            "module.vpc.huaweicloud_vpc.vpc"
          ]
        },
        {
          "index_key": 2,
          "schema_version": 0,
          "attributes": {
            "availability_zone": "ap-southeast-1c",
            "cidr": "10.0.6.0/24",
            "description": "",
            "dhcp_enable": true,
            "dhcp_lease_time": "87600h",
            "dns_list": [
              "100.125.1.250",
              "100.125.3.250"
            ],
            "gateway_ip": "10.0.6.1",
            "id": "5540338f-1ddf-423d-b44b-4f2857105822",
            "ipv4_subnet_id": "0cc97469-13dd-45e5-a9d6-883434cb3ea9",
            "ipv6_cidr": "",
            "ipv6_enable": false,
            "ipv6_gateway": "",
            "ipv6_subnet_id": "",
            "name": "huawei-private-subnet-dev-2",
            "ntp_server_address": null,
            "primary_dns": "100.125.1.250",
            "region": "ap-southeast-1",
            "secondary_dns": "100.125.3.250",
            "subnet_id": "0cc97469-13dd-45e5-a9d6-883434cb3ea9",
            "tags": {
              "Customer": "huawei",
              "Environment": "dev",
              "Name": "huawei-private-subnet-dev-2",
              "Terraform": "True"
            },
            "timeouts": null,
            "vpc_id": "efc7cf26-d50b-474b-a894-a63a8974e12e"
          },
          "sensitive_attributes": [],
          "private": "eyJlMmJmYjczMC1lY2FhLTExZTYtOGY4OC0zNDM2M2JjN2M0YzAiOnsiY3JlYXRlIjozMDAwMDAwMDAwMDAsImRlbGV0ZSI6NjAwMDAwMDAwMDAwfX0=",
          "dependencies": [
            "data.huaweicloud_availability_zones.zones",
            "module.vpc.huaweicloud_vpc.vpc"
          ]
        }
      ]
    },
    {
      "module": "module.vpc",
      "mode": "managed",
      "type": "huaweicloud_vpc_subnet",
      "name": "public-subnet",
      "provider": "provider[\"registry.terraform.io/huaweicloud/huaweicloud\"]",
      "instances": [
        {
          "index_key": 0,
          "schema_version": 0,
          "attributes": {
            "availability_zone": "ap-southeast-1a",
            "cidr": "10.0.1.0/24",
            "description": "",
            "dhcp_enable": true,
            "dhcp_lease_time": "87600h",
            "dns_list": [
              "100.125.1.250",
              "100.125.3.250"
            ],
            "gateway_ip": "10.0.1.1",
            "id": "186f8441-9568-4ca7-a566-674b15aa017c",
            "ipv4_subnet_id": "d49e38d6-1d26-4ed4-8fda-fea23e3935bf",
            "ipv6_cidr": "",
            "ipv6_enable": false,
            "ipv6_gateway": "",
            "ipv6_subnet_id": "",
            "name": "huawei-public-subnet-dev-0",
            "ntp_server_address": null,
            "primary_dns": "100.125.1.250",
            "region": "ap-southeast-1",
            "secondary_dns": "100.125.3.250",
            "subnet_id": "d49e38d6-1d26-4ed4-8fda-fea23e3935bf",
            "tags": {
              "Customer": "huawei",
              "Environment": "dev",
              "Name": "huawei-public-subnet-dev-0",
              "Terraform": "True"
            },
            "timeouts": null,
            "vpc_id": "efc7cf26-d50b-474b-a894-a63a8974e12e"
          },
          "sensitive_attributes": [],
          "private": "eyJlMmJmYjczMC1lY2FhLTExZTYtOGY4OC0zNDM2M2JjN2M0YzAiOnsiY3JlYXRlIjozMDAwMDAwMDAwMDAsImRlbGV0ZSI6NjAwMDAwMDAwMDAwfX0=",
          "dependencies": [
            "data.huaweicloud_availability_zones.zones",
            "module.vpc.huaweicloud_vpc.vpc"
          ]
        },
        {
          "index_key": 1,
          "schema_version": 0,
          "attributes": {
            "availability_zone": "ap-southeast-1b",
            "cidr": "10.0.2.0/24",
            "description": "",
            "dhcp_enable": true,
            "dhcp_lease_time": "87600h",
            "dns_list": [
              "100.125.1.250",
              "100.125.3.250"
            ],
            "gateway_ip": "10.0.2.1",
            "id": "c947e1ba-dc37-4b88-8d64-a6968875ace6",
            "ipv4_subnet_id": "574e6dd0-13c6-4b33-ae27-30219d37d782",
            "ipv6_cidr": "",
            "ipv6_enable": false,
            "ipv6_gateway": "",
            "ipv6_subnet_id": "",
            "name": "huawei-public-subnet-dev-1",
            "ntp_server_address": null,
            "primary_dns": "100.125.1.250",
            "region": "ap-southeast-1",
            "secondary_dns": "100.125.3.250",
            "subnet_id": "574e6dd0-13c6-4b33-ae27-30219d37d782",
            "tags": {
              "Customer": "huawei",
              "Environment": "dev",
              "Name": "huawei-public-subnet-dev-1",
              "Terraform": "True"
            },
            "timeouts": null,
            "vpc_id": "efc7cf26-d50b-474b-a894-a63a8974e12e"
          },
          "sensitive_attributes": [],
          "private": "eyJlMmJmYjczMC1lY2FhLTExZTYtOGY4OC0zNDM2M2JjN2M0YzAiOnsiY3JlYXRlIjozMDAwMDAwMDAwMDAsImRlbGV0ZSI6NjAwMDAwMDAwMDAwfX0=",
          "dependencies": [
            "data.huaweicloud_availability_zones.zones",
            "module.vpc.huaweicloud_vpc.vpc"
          ]
        },
        {
          "index_key": 2,
          "schema_version": 0,
          "attributes": {
            "availability_zone": "ap-southeast-1c",
            "cidr": "10.0.3.0/24",
            "description": "",
            "dhcp_enable": true,
            "dhcp_lease_time": "87600h",
            "dns_list": [
              "100.125.1.250",
              "100.125.3.250"
            ],
            "gateway_ip": "10.0.3.1",
            "id": "5f6ec86d-0973-409c-a5a4-cf10c2802f84",
            "ipv4_subnet_id": "5463b6f9-9615-4e2d-a7d3-56d64d78e364",
            "ipv6_cidr": "",
            "ipv6_enable": false,
            "ipv6_gateway": "",
            "ipv6_subnet_id": "",
            "name": "huawei-public-subnet-dev-2",
            "ntp_server_address": null,
            "primary_dns": "100.125.1.250",
            "region": "ap-southeast-1",
            "secondary_dns": "100.125.3.250",
            "subnet_id": "5463b6f9-9615-4e2d-a7d3-56d64d78e364",
            "tags": {
              "Customer": "huawei",
              "Environment": "dev",
              "Name": "huawei-public-subnet-dev-2",
              "Terraform": "True"
            },
            "timeouts": null,
            "vpc_id": "efc7cf26-d50b-474b-a894-a63a8974e12e"
          },
          "sensitive_attributes": [],
          "private": "eyJlMmJmYjczMC1lY2FhLTExZTYtOGY4OC0zNDM2M2JjN2M0YzAiOnsiY3JlYXRlIjozMDAwMDAwMDAwMDAsImRlbGV0ZSI6NjAwMDAwMDAwMDAwfX0=",
          "dependencies": [
            "data.huaweicloud_availability_zones.zones",
            "module.vpc.huaweicloud_vpc.vpc"
          ]
        }
      ]
    }
  ],
  "check_results": null
}
